<?xml version="1.0" encoding="utf-8"?>
<Project ToolsVersion="4.0" xmlns="http://schemas.microsoft.com/developer/msbuild/2003">
  <ItemGroup>
    <ClCompile Include="..\Common\DebugMonitor.cpp">
      <Filter>Common</Filter>
    </ClCompile>
    <ClCompile Include="..\Common\IpSocket.cpp">
      <Filter>Common</Filter>
    </ClCompile>
    <ClCompile Include="..\Common\JsonCommand.cpp">
      <Filter>Common</Filter>
    </ClCompile>
    <ClCompile Include="..\Common\JsonParser.cpp">
      <Filter>Common</Filter>
    </ClCompile>
    <ClCompile Include="..\Common\LoRaUtility.cpp">
      <Filter>Common</Filter>
    </ClCompile>
    <ClCompile Include="..\Common\Thread-Windows.cpp">
      <Filter>Common</Filter>
    </ClCompile>
    <ClCompile Include="..\Common\TimeRecord.cpp">
      <Filter>Common</Filter>
    </ClCompile>
    <ClCompile Include="..\Common\UdpSocket.cpp">
      <Filter>Common</Filter>
    </ClCompile>
    <ClCompile Include="..\Common\Utilities.cpp">
      <Filter>Common</Filter>
    </ClCompile>
    <ClCompile Include="..\Common\TransmissionRecord.cpp">
      <Filter>Common</Filter>
    </ClCompile>
    <ClCompile Include="..\Common\ValueWithValidity.cpp">
      <Filter>Common</Filter>
    </ClCompile>
    <ClCompile Include="..\Common\WordStore.cpp">
      <Filter>Common</Filter>
    </ClCompile>
    <ClCompile Include="..\Common\TimeFunctions.cpp">
      <Filter>Common</Filter>
    </ClCompile>
    <ClCompile Include="DummyFunctionsCC.cpp">
      <Filter>Application</Filter>
    </ClCompile>
    <ClCompile Include="MainCC.cpp">
      <Filter>Application</Filter>
    </ClCompile>
    <ClCompile Include="PendingAcknowledgeQueue.cpp">
      <Filter>Application</Filter>
    </ClCompile>
    <ClCompile Include="ServerAddressController.cpp">
      <Filter>Application</Filter>
    </ClCompile>
    <ClCompile Include="..\Common\LoRa.cpp">
      <Filter>Common</Filter>
    </ClCompile>
  </ItemGroup>
  <ItemGroup>
    <ClInclude Include="..\Common\CommandLineInterface.hpp">
      <Filter>Common</Filter>
    </ClInclude>
    <ClInclude Include="..\Common\ValueWithValidity.hpp">
      <Filter>Common</Filter>
    </ClInclude>
    <ClInclude Include="..\Common\DataRecord.hpp">
      <Filter>Common</Filter>
    </ClInclude>
    <ClInclude Include="..\Common\DebugMonitor.hpp">
      <Filter>Common</Filter>
    </ClInclude>
    <ClInclude Include="..\Common\Eui.hpp">
      <Filter>Common</Filter>
    </ClInclude>
    <ClInclude Include="..\Common\ExceptionClass.hpp">
      <Filter>Common</Filter>
    </ClInclude>
    <ClInclude Include="..\Common\General.h">
      <Filter>Common</Filter>
    </ClInclude>
    <ClInclude Include="..\Common\InputError.hpp">
      <Filter>Common</Filter>
    </ClInclude>
    <ClInclude Include="..\Common\Ip.h">
      <Filter>Common</Filter>
    </ClInclude>
    <ClInclude Include="..\Common\IpSocket.hpp">
      <Filter>Common</Filter>
    </ClInclude>
    <ClInclude Include="..\Common\JsonCommand.hpp">
      <Filter>Common</Filter>
    </ClInclude>
    <ClInclude Include="..\Common\JsonGenerate.hpp">
      <Filter>Common</Filter>
    </ClInclude>
    <ClInclude Include="..\Common\JsonParser.hpp">
      <Filter>Common</Filter>
    </ClInclude>
    <ClInclude Include="..\Common\LoRa.hpp">
      <Filter>Common</Filter>
    </ClInclude>
    <ClInclude Include="..\Common\LoRaIpPorts.hpp">
      <Filter>Common</Filter>
    </ClInclude>
    <ClInclude Include="..\Common\Mutex.hpp">
      <Filter>Common</Filter>
    </ClInclude>
    <ClInclude Include="..\Common\Thread.hpp">
      <Filter>Common</Filter>
    </ClInclude>
    <ClInclude Include="..\Common\TimeRecord.hpp">
      <Filter>Common</Filter>
    </ClInclude>
    <ClInclude Include="..\Common\UdpSocket.hpp">
      <Filter>Common</Filter>
    </ClInclude>
    <ClInclude Include="..\Common\Utilities.hpp">
      <Filter>Common</Filter>
    </ClInclude>
    <ClInclude Include="..\Common\TransmissionRecord.hpp">
      <Filter>Common</Filter>
    </ClInclude>
    <ClInclude Include="..\Common\JsonException.hpp">
      <Filter>Common</Filter>
    </ClInclude>
    <ClInclude Include="..\Common\BinarySearchVector.hpp">
      <Filter>Common</Filter>
    </ClInclude>
    <ClInclude Include="..\Common\TcpSocket.hpp">
      <Filter>Common</Filter>
    </ClInclude>
    <ClInclude Include="..\Common\IpSocketSet.hpp">
      <Filter>Common</Filter>
    </ClInclude>
    <ClInclude Include="..\Common\JsonReceive.hpp">
      <Filter>Common</Filter>
    </ClInclude>
    <ClInclude Include="..\Common\JsonString.hpp">
      <Filter>Common</Filter>
    </ClInclude>
    <ClInclude Include="..\Common\LoRaReceiveFrame.hpp">
      <Filter>Common</Filter>
    </ClInclude>
    <ClInclude Include="..\Common\MessageAddress.hpp">
      <Filter>Common</Filter>
    </ClInclude>
    <ClInclude Include="..\Common\TcpConnectionManager.hpp">
      <Filter>Common</Filter>
    </ClInclude>
    <ClInclude Include="..\Common\WordStore.hpp">
      <Filter>Common</Filter>
    </ClInclude>
    <ClInclude Include="..\Common\TimeFunctions.hpp">
      <Filter>Common</Filter>
    </ClInclude>
    <ClInclude Include="ServerAddressControllerCC.hpp">
      <Filter>Application</Filter>
    </ClInclude>
    <ClInclude Include="PendingAcknowledgeQueue.hpp">
      <Filter>Application</Filter>
    </ClInclude>
    <ClInclude Include="ServerAddressController.hpp">
      <Filter>Application</Filter>
    </ClInclude>
  </ItemGroup>
  <ItemGroup>
    <Filter Include="Common">
      <UniqueIdentifier>{c5d892a4-59e2-4122-b590-1156b4057dd5}</UniqueIdentifier>
    </Filter>
    <Filter Include="Application">
      <UniqueIdentifier>{ae9a4537-e0f4-43cd-9cc8-fd7ef78593cb}</UniqueIdentifier>
    </Filter>
  </ItemGroup>
</Project>