<?xml version="1.0" encoding="utf-8"?>
<Project ToolsVersion="4.0" xmlns="http://schemas.microsoft.com/developer/msbuild/2003">
  <ItemGroup>
    <Filter Include="Source Files">
      <UniqueIdentifier>{4FC737F1-C7A5-4376-A066-2A32D752A2FF}</UniqueIdentifier>
      <Extensions>cpp;c;cc;cxx;def;odl;idl;hpj;bat;asm;asmx</Extensions>
    </Filter>
    <Filter Include="Header Files">
      <UniqueIdentifier>{93995380-89BD-4b04-88EB-625FBE52EBFB}</UniqueIdentifier>
      <Extensions>h;hpp;hxx;hm;inl;inc;xsd</Extensions>
    </Filter>
    <Filter Include="Resource Files">
      <UniqueIdentifier>{67DA6AB6-F800-4c08-8B7A-83BB121AAD01}</UniqueIdentifier>
      <Extensions>rc;ico;cur;bmp;dlg;rc2;rct;bin;rgs;gif;jpg;jpeg;jpe;resx;tiff;tif;png;wav;mfcribbon-ms</Extensions>
    </Filter>
    <Filter Include="Application">
      <UniqueIdentifier>{4da1285e-23f3-4133-8951-da41a47f2e9e}</UniqueIdentifier>
    </Filter>
    <Filter Include="Common">
      <UniqueIdentifier>{12f5c164-5085-498e-9bb5-e12211847c37}</UniqueIdentifier>
    </Filter>
    <Filter Include="Version">
      <UniqueIdentifier>{3d6a814a-4b88-4b7c-aca8-26df25417326}</UniqueIdentifier>
    </Filter>
  </ItemGroup>
  <ItemGroup>
    <ClCompile Include="CommandParserNC.cpp">
      <Filter>Application</Filter>
    </ClCompile>
    <ClCompile Include="MoteNC.cpp">
      <Filter>Application</Filter>
    </ClCompile>
    <ClCompile Include="DummyFunctionsNC.cpp">
      <Filter>Application</Filter>
    </ClCompile>
    <ClCompile Include="GlobalDataNC.cpp">
      <Filter>Application</Filter>
    </ClCompile>
    <ClCompile Include="GlobalFunctionsNC.cpp">
      <Filter>Application</Filter>
    </ClCompile>
    <ClCompile Include="MainNC.cpp">
      <Filter>Application</Filter>
    </ClCompile>
    <ClCompile Include="..\Common\Application.cpp">
      <Filter>Common</Filter>
    </ClCompile>
    <ClCompile Include="..\Common\CommandLineInterface.cpp">
      <Filter>Common</Filter>
    </ClCompile>
    <ClCompile Include="..\Common\CommandParser.cpp">
      <Filter>Common</Filter>
    </ClCompile>
    <ClCompile Include="..\Common\CommandParserAppMethods.cpp">
      <Filter>Common</Filter>
    </ClCompile>
    <ClCompile Include="..\Common\CommandParserMethods.cpp">
      <Filter>Common</Filter>
    </ClCompile>
    <ClCompile Include="..\Common\ConfiguredValue.cpp">
      <Filter>Common</Filter>
    </ClCompile>
    <ClCompile Include="..\Common\DebugMonitor.cpp">
      <Filter>Common</Filter>
    </ClCompile>
    <ClCompile Include="..\Common\IpSocket.cpp">
      <Filter>Common</Filter>
    </ClCompile>
    <ClCompile Include="..\Common\IpSocketSet.cpp">
      <Filter>Common</Filter>
    </ClCompile>
    <ClCompile Include="..\Common\JsonCommand.cpp">
      <Filter>Common</Filter>
    </ClCompile>
    <ClCompile Include="..\Common\JsonGenerate.cpp">
      <Filter>Common</Filter>
    </ClCompile>
    <ClCompile Include="..\Common\JsonParser.cpp">
      <Filter>Common</Filter>
    </ClCompile>
    <ClCompile Include="..\Common\JsonReceive.cpp">
      <Filter>Common</Filter>
    </ClCompile>
    <ClCompile Include="..\Common\JsonString.cpp">
      <Filter>Common</Filter>
    </ClCompile>
    <ClCompile Include="..\Common\LoRa.cpp">
      <Filter>Common</Filter>
    </ClCompile>
    <ClCompile Include="..\Common\Service.cpp">
      <Filter>Common</Filter>
    </ClCompile>
    <ClCompile Include="..\Common\SqlDb.cpp">
      <Filter>Common</Filter>
    </ClCompile>
    <ClCompile Include="..\Common\TcpConnectionManager.cpp">
      <Filter>Common</Filter>
    </ClCompile>
    <ClCompile Include="..\Common\TcpSocket.cpp">
      <Filter>Common</Filter>
    </ClCompile>
    <ClCompile Include="..\Common\Thread-Windows.cpp">
      <Filter>Common</Filter>
    </ClCompile>
    <ClCompile Include="..\Common\TimeRecord.cpp">
      <Filter>Common</Filter>
    </ClCompile>
    <ClCompile Include="..\Common\TransmissionRecord.cpp">
      <Filter>Common</Filter>
    </ClCompile>
    <ClCompile Include="..\Common\Utilities.cpp">
      <Filter>Common</Filter>
    </ClCompile>
    <ClCompile Include="..\Common\JsonReceiveIp.cpp">
      <Filter>Common</Filter>
    </ClCompile>
    <ClCompile Include="LoRaDatabaseNC.cpp">
      <Filter>Application</Filter>
    </ClCompile>
    <ClCompile Include="..\Common\TcpTextSocketConnectionManager.cpp">
      <Filter>Common</Filter>
    </ClCompile>
    <ClCompile Include="LoRaDatabaseInterfaceNC.cpp">
      <Filter>Application</Filter>
    </ClCompile>
    <ClCompile Include="..\Common\LoRaApplicationDatabaseInterface.cpp">
      <Filter>Common</Filter>
    </ClCompile>
    <ClCompile Include="..\Version\BuildVersion.cpp">
      <Filter>Version</Filter>
    </ClCompile>
    <ClCompile Include="..\Common\LoRaApplicationDatabase.cpp">
      <Filter>Common</Filter>
    </ClCompile>
    <ClCompile Include="..\Common\UdpSocket.cpp">
      <Filter>Common</Filter>
    </ClCompile>
    <ClCompile Include="..\Common\LoRaDatabase.cpp">
      <Filter>Common</Filter>
    </ClCompile>
    <ClCompile Include="JsonReceiveNC.cpp">
      <Filter>Application</Filter>
    </ClCompile>
    <ClCompile Include="AdaptiveDataRateController.cpp">
      <Filter>Application</Filter>
    </ClCompile>
    <ClCompile Include="..\Common\ValueWithValidity.cpp">
      <Filter>Common</Filter>
    </ClCompile>
    <ClCompile Include="..\Common\GlobalData.cpp">
      <Filter>Common</Filter>
    </ClCompile>
    <ClCompile Include="..\Common\ServerThreadFunctions.cpp">
      <Filter>Common</Filter>
    </ClCompile>
    <ClCompile Include="..\Common\CommandParserUsingGlobalData.cpp">
      <Filter>Common</Filter>
    </ClCompile>
    <ClCompile Include="GatewayNC.cpp">
      <Filter>Application</Filter>
    </ClCompile>
    <ClCompile Include="..\Common\WordStore.cpp">
      <Filter>Common</Filter>
    </ClCompile>
    <ClCompile Include="..\Common\TimeFunctions.cpp">
      <Filter>Common</Filter>
    </ClCompile>
    <ClCompile Include="MonitorAlgorithm.cpp">
      <Filter>Application</Filter>
    </ClCompile>
    <ClCompile Include="..\Common\ApplicationServer.cpp">
      <Filter>Common</Filter>
    </ClCompile>
    <ClCompile Include="TrivialControllerAgorithm.cpp">
      <Filter>Application</Filter>
    </ClCompile>
    <ClCompile Include="..\Common\LoRaRegion.cpp">
      <Filter>Common</Filter>
    </ClCompile>
    <ClCompile Include="..\Common\GlobalFunctions.cpp">
      <Filter>Common</Filter>
    </ClCompile>
    <ClCompile Include="DataRateStore.cpp">
      <Filter>Application</Filter>
    </ClCompile>
    <ClCompile Include="EuiReminderQueue.cpp">
      <Filter>Application</Filter>
    </ClCompile>
  </ItemGroup>
  <ItemGroup>
    <ClInclude Include="..\Common\Application.hpp">
      <Filter>Common</Filter>
    </ClInclude>
    <ClInclude Include="..\Common\BinarySearchVector.hpp">
      <Filter>Common</Filter>
    </ClInclude>
    <ClInclude Include="..\Common\BuildVersion.hpp">
      <Filter>Common</Filter>
    </ClInclude>
    <ClInclude Include="..\Common\Utilities.hpp">
      <Filter>Common</Filter>
    </ClInclude>
    <ClInclude Include="..\Common\ValueWithValidity.hpp">
      <Filter>Common</Filter>
    </ClInclude>
    <ClInclude Include="..\Common\CommandLineInterface.hpp">
      <Filter>Common</Filter>
    </ClInclude>
    <ClInclude Include="..\Common\CommandParser.hpp">
      <Filter>Common</Filter>
    </ClInclude>
    <ClInclude Include="..\Common\ConfiguredValue.hpp">
      <Filter>Common</Filter>
    </ClInclude>
    <ClInclude Include="..\Common\DebugMonitor.hpp">
      <Filter>Common</Filter>
    </ClInclude>
    <ClInclude Include="..\Common\Eui.hpp">
      <Filter>Common</Filter>
    </ClInclude>
    <ClInclude Include="..\Common\ExceptionClass.hpp">
      <Filter>Common</Filter>
    </ClInclude>
    <ClInclude Include="..\Common\General.h">
      <Filter>Common</Filter>
    </ClInclude>
    <ClInclude Include="..\Common\InputError.hpp">
      <Filter>Common</Filter>
    </ClInclude>
    <ClInclude Include="..\Common\Ip.h">
      <Filter>Common</Filter>
    </ClInclude>
    <ClInclude Include="..\Common\IpSocket.hpp">
      <Filter>Common</Filter>
    </ClInclude>
    <ClInclude Include="..\Common\IpSocketSet.hpp">
      <Filter>Common</Filter>
    </ClInclude>
    <ClInclude Include="..\Common\JsonCommand.hpp">
      <Filter>Common</Filter>
    </ClInclude>
    <ClInclude Include="..\Common\JsonException.hpp">
      <Filter>Common</Filter>
    </ClInclude>
    <ClInclude Include="..\Common\JsonGenerate.hpp">
      <Filter>Common</Filter>
    </ClInclude>
    <ClInclude Include="..\Common\JsonParser.hpp">
      <Filter>Common</Filter>
    </ClInclude>
    <ClInclude Include="..\Common\JsonReceive.hpp">
      <Filter>Common</Filter>
    </ClInclude>
    <ClInclude Include="..\Common\JsonString.hpp">
      <Filter>Common</Filter>
    </ClInclude>
    <ClInclude Include="..\Common\LoRa.hpp">
      <Filter>Common</Filter>
    </ClInclude>
    <ClInclude Include="..\Common\ServerSpecificReferences.hpp">
      <Filter>Common</Filter>
    </ClInclude>
    <ClInclude Include="..\Common\Service.hpp">
      <Filter>Common</Filter>
    </ClInclude>
    <ClInclude Include="..\Common\SqlDb.hpp">
      <Filter>Common</Filter>
    </ClInclude>
    <ClInclude Include="..\Common\TcpConnectionAddressController.hpp">
      <Filter>Common</Filter>
    </ClInclude>
    <ClInclude Include="..\Common\TcpConnectionManager.hpp">
      <Filter>Common</Filter>
    </ClInclude>
    <ClInclude Include="..\Common\TcpSocket.hpp">
      <Filter>Common</Filter>
    </ClInclude>
    <ClInclude Include="..\Common\Thread.hpp">
      <Filter>Common</Filter>
    </ClInclude>
    <ClInclude Include="..\Common\TimeRecord.hpp">
      <Filter>Common</Filter>
    </ClInclude>
    <ClInclude Include="..\Common\TransmissionRecord.hpp">
      <Filter>Common</Filter>
    </ClInclude>
    <ClInclude Include="GlobalDataNC.hpp">
      <Filter>Application</Filter>
    </ClInclude>
    <ClInclude Include="MoteNC.hpp">
      <Filter>Application</Filter>
    </ClInclude>
    <ClInclude Include="CommandParserNC.hpp">
      <Filter>Application</Filter>
    </ClInclude>
    <ClInclude Include="LoRaDatabaseNC.hpp">
      <Filter>Application</Filter>
    </ClInclude>
    <ClInclude Include="..\Common\TcpTextSocket.hpp">
      <Filter>Common</Filter>
    </ClInclude>
    <ClInclude Include="..\Common\TcpTextSocketConnectionManager.hpp">
      <Filter>Common</Filter>
    </ClInclude>
    <ClInclude Include="..\Common\LoRaApplicationDatabase.hpp">
      <Filter>Common</Filter>
    </ClInclude>
    <ClInclude Include="..\Common\UdpSocket.hpp">
      <Filter>Common</Filter>
    </ClInclude>
    <ClInclude Include="..\Common\LoRaDatabase.hpp">
      <Filter>Common</Filter>
    </ClInclude>
    <ClInclude Include="AdaptiveDataRateController.hpp">
      <Filter>Application</Filter>
    </ClInclude>
    <ClInclude Include="..\Common\GlobalData.hpp">
      <Filter>Common</Filter>
    </ClInclude>
    <ClInclude Include="..\Common\ServerThreadFunctions.hpp">
      <Filter>Common</Filter>
    </ClInclude>
    <ClInclude Include="MoteAlgorithmContainer.hpp">
      <Filter>Application</Filter>
    </ClInclude>
    <ClInclude Include="GatewayNC.hpp">
      <Filter>Application</Filter>
    </ClInclude>
    <ClInclude Include="..\Common\WordStore.hpp">
      <Filter>Common</Filter>
    </ClInclude>
    <ClInclude Include="..\Common\BinarySearchVectorNV.hpp">
      <Filter>Common</Filter>
    </ClInclude>
    <ClInclude Include="..\Common\DataRecord.hpp">
      <Filter>Common</Filter>
    </ClInclude>
    <ClInclude Include="..\Common\List.hpp">
      <Filter>Common</Filter>
    </ClInclude>
    <ClInclude Include="..\Common\LoRaIpPorts.hpp">
      <Filter>Common</Filter>
    </ClInclude>
    <ClInclude Include="..\Common\Maths.hpp">
      <Filter>Common</Filter>
    </ClInclude>
    <ClInclude Include="..\Common\MessageAddress.hpp">
      <Filter>Common</Filter>
    </ClInclude>
    <ClInclude Include="..\Common\Mutex.hpp">
      <Filter>Common</Filter>
    </ClInclude>
    <ClInclude Include="..\Common\Position.hpp">
      <Filter>Common</Filter>
    </ClInclude>
    <ClInclude Include="..\Common\TimeFunctions.hpp">
      <Filter>Common</Filter>
    </ClInclude>
    <ClInclude Include="MonitorAlgorithm.hpp">
      <Filter>Application</Filter>
    </ClInclude>
    <ClInclude Include="TrivialControllerAgorithm.hpp">
      <Filter>Application</Filter>
    </ClInclude>
    <ClInclude Include="..\Common\ApplicationServer.hpp">
      <Filter>Common</Filter>
    </ClInclude>
    <ClInclude Include="..\Common\LoRaRegion.hpp">
      <Filter>Common</Filter>
    </ClInclude>
    <ClInclude Include="DataRateStore.hpp">
      <Filter>Application</Filter>
    </ClInclude>
    <ClInclude Include="..\Common\TimedQueueTemplate.hpp">
      <Filter>Common</Filter>
    </ClInclude>
    <ClInclude Include="EuiReminderQueue.hpp">
      <Filter>Application</Filter>
    </ClInclude>
  </ItemGroup>
</Project>